
Microsoft Visual Studio Solution File, Format Version 12.00
# Visual Studio 15
VisualStudioVersion = 15.0.27004.2009
MinimumVisualStudioVersion = 10.0.40219.1
Project("{FAE04EC0-301F-11D3-BF4B-00C04F79EFBC}") = "codeFirst2", "codeFirst2\codeFirst2.csproj", "{A2BBCF7C-7F65-40EA-BE8C-5BD5EDA8BAE5}"
EndProject
Project("{E53339B2-1760-4266-BCC7-CA923CBCF16C}") = "docker-compose", "docker-compose.dcproj", "{D3EB103E-80B0-4987-AEBE-EEF2C0552708}"
EndProject
Global
	GlobalSection(SolutionConfigurationPlatforms) = preSolution
		Debug|Any CPU = Debug|Any CPU
		Release|Any CPU = Release|Any CPU
	EndGlobalSection
	GlobalSection(ProjectConfigurationPlatforms) = postSolution
		{A2BBCF7C-7F65-40EA-BE8C-5BD5EDA8BAE5}.Debug|Any CPU.ActiveCfg = Debug|Any CPU
		{A2BBCF7C-7F65-40EA-BE8C-5BD5EDA8BAE5}.Debug|Any CPU.Build.0 = Debug|Any CPU
		{A2BBCF7C-7F65-40EA-BE8C-5BD5EDA8BAE5}.Release|Any CPU.ActiveCfg = Release|Any CPU
		{A2BBCF7C-7F65-40EA-BE8C-5BD5EDA8BAE5}.Release|Any CPU.Build.0 = Release|Any CPU
		{D3EB103E-80B0-4987-AEBE-EEF2C0552708}.Debug|Any CPU.ActiveCfg = Debug|Any CPU
		{D3EB103E-80B0-4987-AEBE-EEF2C0552708}.Debug|Any CPU.Build.0 = Debug|Any CPU
		{D3EB103E-80B0-4987-AEBE-EEF2C0552708}.Release|Any CPU.ActiveCfg = Release|Any CPU
		{D3EB103E-80B0-4987-AEBE-EEF2C0552708}.Release|Any CPU.Build.0 = Release|Any CPU
	EndGlobalSection
	GlobalSection(SolutionProperties) = preSolution
		HideSolutionNode = FALSE
	EndGlobalSection
	GlobalSection(ExtensibilityGlobals) = postSolution
		SolutionGuid = {E9FB90CE-B8F9-4E47-B8AE-720CF6A64146}
	EndGlobalSection
EndGlobal
